
Microsoft Visual Studio Solution File, Format Version 12.00
# Visual Studio 15
VisualStudioVersion = 15.0.27130.0
MinimumVisualStudioVersion = 10.0.40219.1
Project("{8BC9CEB8-8B4A-11D0-8D11-00A0C91BC942}") = "X39s Code Generator", "X39s Code Generator\X39s Code Generator.vcxproj", "{76C3571C-0829-433C-839B-3959A0EAFF51}"
EndProject
Project("{8BC9CEB8-8B4A-11D0-8D11-00A0C91BC942}") = "CodeGenTest", "CodeGenTest\CodeGenTest.vcxproj", "{4F3FD0A6-E315-48DA-A3AA-C29F6A93EA27}"
EndProject
Global
	GlobalSection(SolutionConfigurationPlatforms) = preSolution
		Debug|x64 = Debug|x64
		Debug|x86 = Debug|x86
		Release|x64 = Release|x64
		Release|x86 = Release|x86
	EndGlobalSection
	GlobalSection(ProjectConfigurationPlatforms) = postSolution
		{76C3571C-0829-433C-839B-3959A0EAFF51}.Debug|x64.ActiveCfg = Debug|x64
		{76C3571C-0829-433C-839B-3959A0EAFF51}.Debug|x64.Build.0 = Debug|x64
		{76C3571C-0829-433C-839B-3959A0EAFF51}.Debug|x86.ActiveCfg = Debug|Win32
		{76C3571C-0829-433C-839B-3959A0EAFF51}.Debug|x86.Build.0 = Debug|Win32
		{76C3571C-0829-433C-839B-3959A0EAFF51}.Release|x64.ActiveCfg = Release|x64
		{76C3571C-0829-433C-839B-3959A0EAFF51}.Release|x64.Build.0 = Release|x64
		{76C3571C-0829-433C-839B-3959A0EAFF51}.Release|x86.ActiveCfg = Release|Win32
		{76C3571C-0829-433C-839B-3959A0EAFF51}.Release|x86.Build.0 = Release|Win32
		{4F3FD0A6-E315-48DA-A3AA-C29F6A93EA27}.Debug|x64.ActiveCfg = Debug|x64
		{4F3FD0A6-E315-48DA-A3AA-C29F6A93EA27}.Debug|x64.Build.0 = Debug|x64
		{4F3FD0A6-E315-48DA-A3AA-C29F6A93EA27}.Debug|x86.ActiveCfg = Debug|Win32
		{4F3FD0A6-E315-48DA-A3AA-C29F6A93EA27}.Debug|x86.Build.0 = Debug|Win32
		{4F3FD0A6-E315-48DA-A3AA-C29F6A93EA27}.Release|x64.ActiveCfg = Release|x64
		{4F3FD0A6-E315-48DA-A3AA-C29F6A93EA27}.Release|x64.Build.0 = Release|x64
		{4F3FD0A6-E315-48DA-A3AA-C29F6A93EA27}.Release|x86.ActiveCfg = Release|Win32
		{4F3FD0A6-E315-48DA-A3AA-C29F6A93EA27}.Release|x86.Build.0 = Release|Win32
	EndGlobalSection
	GlobalSection(SolutionProperties) = preSolution
		HideSolutionNode = FALSE
	EndGlobalSection
	GlobalSection(ExtensibilityGlobals) = postSolution
		SolutionGuid = {B9AAE0A8-F316-4969-9887-876A47776ACC}
	EndGlobalSection
EndGlobal
