
Microsoft Visual Studio Solution File, Format Version 12.00
# Visual Studio Version 16
VisualStudioVersion = 16.0.30907.101
MinimumVisualStudioVersion = 10.0.40219.1
Project("{FAE04EC0-301F-11D3-BF4B-00C04F79EFBC}") = "xcg", "source\xcg.csproj", "{783CE46E-9395-49F3-B3D4-125CC4999A44}"
EndProject
Global
	GlobalSection(SolutionConfigurationPlatforms) = preSolution
		Debug|Any CPU = Debug|Any CPU
		Release|Any CPU = Release|Any CPU
	EndGlobalSection
	GlobalSection(ProjectConfigurationPlatforms) = postSolution
		{783CE46E-9395-49F3-B3D4-125CC4999A44}.Debug|Any CPU.ActiveCfg = Debug|Any CPU
		{783CE46E-9395-49F3-B3D4-125CC4999A44}.Debug|Any CPU.Build.0 = Debug|Any CPU
		{783CE46E-9395-49F3-B3D4-125CC4999A44}.Release|Any CPU.ActiveCfg = Release|Any CPU
		{783CE46E-9395-49F3-B3D4-125CC4999A44}.Release|Any CPU.Build.0 = Release|Any CPU
	EndGlobalSection
	GlobalSection(SolutionProperties) = preSolution
		HideSolutionNode = FALSE
	EndGlobalSection
	GlobalSection(ExtensibilityGlobals) = postSolution
		SolutionGuid = {35C85B78-BD39-4F47-8EBD-89C19B6741DF}
	EndGlobalSection
EndGlobal
